# THIS IS AN AUTOGENERATED FILE. DO NOT EDIT THIS FILE DIRECTLY.
# yarn lockfile v1


"@tauri-apps/cli-darwin-arm64@1.0.0":
  version "1.0.0"
  resolved "https://registry.npmjs.org/@tauri-apps/cli-darwin-arm64/-/cli-darwin-arm64-1.0.0.tgz#9ab439898b4d05a6e43df4451a42fa21e9d5eaa1"
  integrity sha512-0ryomgLjdpylXypMPVXLU3PZCde3Sw5nwN4coUhBcHPBLFRb8QPet+nweVK/HiZ3mxg8WeIazvpx2s8hS0l2GQ==

"@tauri-apps/cli-darwin-x64@1.0.0":
  version "1.0.0"
  resolved "https://registry.npmjs.org/@tauri-apps/cli-darwin-x64/-/cli-darwin-x64-1.0.0.tgz#5ffc8d444c7dc1cab14c8c743a929e448f1b1e93"
  integrity sha512-oejvYUT4dEfzBi+FWMj+CMz4cZ6C2gEFHrUtKVLdTXr8Flj5UTwdB1YPGQjiOqk73LOI7cB/vXxb9DZT+Lrxgg==

"@tauri-apps/cli-linux-arm-gnueabihf@1.0.0":
  version "1.0.0"
  resolved "https://registry.npmjs.org/@tauri-apps/cli-linux-arm-gnueabihf/-/cli-linux-arm-gnueabihf-1.0.0.tgz#c24d63b4637a0c20b9671f0284968b164482f6ee"
  integrity sha512-yAu78v8TeXNx/ETS5F2G2Uw/HX+LQvZkX94zNiqFsAj7snfWI/IqSUM52OBrdh/D0EC9NCdjUJ7Vuo32uxf7tg==

"@tauri-apps/cli-linux-arm64-gnu@1.0.0":
  version "1.0.0"
  resolved "https://registry.npmjs.org/@tauri-apps/cli-linux-arm64-gnu/-/cli-linux-arm64-gnu-1.0.0.tgz#dfb107a3d5f56dc0356126135f941261ffad10a3"
  integrity sha512-YFUN/S58AN317njAynzcQ+EHhRsCDXqmp5g9Oiqmcdg1vU7fPWZivVLc1WHz+0037C7JnsX5PtKpNYewP/+Oqw==

"@tauri-apps/cli-linux-arm64-musl@1.0.0":
  version "1.0.0"
  resolved "https://registry.npmjs.org/@tauri-apps/cli-linux-arm64-musl/-/cli-linux-arm64-musl-1.0.0.tgz#72ebfc5066c6fac82b513c20fbec6ab841b3ee05"
  integrity sha512-al+TxMGoNVikEvRQfMyYE/mdjUcUNMo5brkCIAb+fL4rWQlAhAnYVzmg/rM8N4nhdXm1MOaYAagQmxr8898dNA==

"@tauri-apps/cli-linux-x64-gnu@1.0.0":
  version "1.0.0"
  resolved "https://registry.npmjs.org/@tauri-apps/cli-linux-x64-gnu/-/cli-linux-x64-gnu-1.0.0.tgz#76f791378468a9ca2678885f0d14e05f4fd0d0c8"
  integrity sha512-KQmYlYyGpn6/2kSl9QivWG6EIepm6PJd57e6IKmYwAyNhLr2XfGl1CLuocUQQgO+jprjT70HXp+MXD0tcB0+Sw==

"@tauri-apps/cli-linux-x64-musl@1.0.0":
  version "1.0.0"
  resolved "https://registry.npmjs.org/@tauri-apps/cli-linux-x64-musl/-/cli-linux-x64-musl-1.0.0.tgz#12ccc0747c88e9c2cbdf21834b94718c8da689ca"
  integrity sha512-Qpaq5lZz569Aea6jfrRchgfEJaOrfLpCRBATcF8CJFFwVKmfCUcoV+MxbCIW30Zqw5Y06njC/ffa3261AV/ZIQ==

"@tauri-apps/cli-win32-ia32-msvc@1.0.0":
  version "1.0.0"
  resolved "https://registry.npmjs.org/@tauri-apps/cli-win32-ia32-msvc/-/cli-win32-ia32-msvc-1.0.0.tgz#5d56df6dbb62c11cae28b826619fbbad9a158399"
  integrity sha512-e2DzFqEMI+s+gv14UupdI91gPxTbUJTbbfQlTHdQlOsTk4HEZTsh+ibAYBcCLAaMRW38NEsFlAUe1lQA0iRu/w==

"@tauri-apps/cli-win32-x64-msvc@1.0.0":
  version "1.0.0"
  resolved "https://registry.npmjs.org/@tauri-apps/cli-win32-x64-msvc/-/cli-win32-x64-msvc-1.0.0.tgz#6227331d177118323cff13bc6bfb04894130c83f"
  integrity sha512-lWSs90pJeQX+L31IqIzmRhwLayEeyTh7mga0AxX8G868hvdLtcXCQA/rKoFtGdVLuHAx4+M+CBF5SMYb76xGYA==

"@tauri-apps/cli@^1.0.0":
  version "1.0.0"
  resolved "https://registry.npmjs.org/@tauri-apps/cli/-/cli-1.0.0.tgz#28f021a2db4c2087b569845d42b4fe7978ccee19"
  integrity sha512-4eHnk3p0xnCXd9Zel3kLvdiiSURnN98GMFvWUAdirm5AjyOjcx8TIET/jqRYmYKE5yd+LMQqYMUfHRwA6JJUkg==
  optionalDependencies:
    "@tauri-apps/cli-darwin-arm64" "1.0.0"
    "@tauri-apps/cli-darwin-x64" "1.0.0"
    "@tauri-apps/cli-linux-arm-gnueabihf" "1.0.0"
    "@tauri-apps/cli-linux-arm64-gnu" "1.0.0"
    "@tauri-apps/cli-linux-arm64-musl" "1.0.0"
    "@tauri-apps/cli-linux-x64-gnu" "1.0.0"
    "@tauri-apps/cli-linux-x64-musl" "1.0.0"
    "@tauri-apps/cli-win32-ia32-msvc" "1.0.0"
    "@tauri-apps/cli-win32-x64-msvc" "1.0.0"
